
Microsoft Visual Studio Solution File, Format Version 12.00
# Visual Studio Version 17
VisualStudioVersion = 17.7.34221.43
MinimumVisualStudioVersion = 10.0.40219.1
Project("{FAE04EC0-301F-11D3-BF4B-00C04F79EFBC}") = "CoreStartApp5", "CoreStartApp5\CoreStartApp5.csproj", "{6E62A48A-8C93-4223-9C55-8ACE2E2622DF}"
EndProject
Global
	GlobalSection(SolutionConfigurationPlatforms) = preSolution
		Debug|Any CPU = Debug|Any CPU
		Release|Any CPU = Release|Any CPU
	EndGlobalSection
	GlobalSection(ProjectConfigurationPlatforms) = postSolution
		{6E62A48A-8C93-4223-9C55-8ACE2E2622DF}.Debug|Any CPU.ActiveCfg = Debug|Any CPU
		{6E62A48A-8C93-4223-9C55-8ACE2E2622DF}.Debug|Any CPU.Build.0 = Debug|Any CPU
		{6E62A48A-8C93-4223-9C55-8ACE2E2622DF}.Release|Any CPU.ActiveCfg = Release|Any CPU
		{6E62A48A-8C93-4223-9C55-8ACE2E2622DF}.Release|Any CPU.Build.0 = Release|Any CPU
	EndGlobalSection
	GlobalSection(SolutionProperties) = preSolution
		HideSolutionNode = FALSE
	EndGlobalSection
	GlobalSection(ExtensibilityGlobals) = postSolution
		SolutionGuid = {18B503C7-037F-4E19-8D66-F445F5E9EFEC}
	EndGlobalSection
EndGlobal
